
Microsoft Visual Studio Solution File, Format Version 12.00
# Visual Studio Version 16
VisualStudioVersion = 16.0.35731.53
MinimumVisualStudioVersion = 10.0.40219.1
Project("{FAE04EC0-301F-11D3-BF4B-00C04F79EFBC}") = "atestat_prb_11", "atestat_prb_11.csproj", "{3FC043E0-8DDD-4D31-A185-3B21B0618F13}"
EndProject
Global
	GlobalSection(SolutionConfigurationPlatforms) = preSolution
		Debug|Any CPU = Debug|Any CPU
		Release|Any CPU = Release|Any CPU
	EndGlobalSection
	GlobalSection(ProjectConfigurationPlatforms) = postSolution
		{3FC043E0-8DDD-4D31-A185-3B21B0618F13}.Debug|Any CPU.ActiveCfg = Debug|Any CPU
		{3FC043E0-8DDD-4D31-A185-3B21B0618F13}.Debug|Any CPU.Build.0 = Debug|Any CPU
		{3FC043E0-8DDD-4D31-A185-3B21B0618F13}.Release|Any CPU.ActiveCfg = Release|Any CPU
		{3FC043E0-8DDD-4D31-A185-3B21B0618F13}.Release|Any CPU.Build.0 = Release|Any CPU
	EndGlobalSection
	GlobalSection(SolutionProperties) = preSolution
		HideSolutionNode = FALSE
	EndGlobalSection
	GlobalSection(ExtensibilityGlobals) = postSolution
		SolutionGuid = {30D3611D-7C30-4EE2-B379-ECF89868CF0E}
	EndGlobalSection
EndGlobal
