
Microsoft Visual Studio Solution File, Format Version 12.00
# Visual Studio Version 17
VisualStudioVersion = 17.13.35825.156 d17.13
MinimumVisualStudioVersion = 10.0.40219.1
Project("{FAE04EC0-301F-11D3-BF4B-00C04F79EFBC}") = "alin", "alin.csproj", "{6BBA1856-DEF5-4498-B924-D7F673ED1B59}"
EndProject
Global
	GlobalSection(SolutionConfigurationPlatforms) = preSolution
		Debug|Any CPU = Debug|Any CPU
		Release|Any CPU = Release|Any CPU
	EndGlobalSection
	GlobalSection(ProjectConfigurationPlatforms) = postSolution
		{6BBA1856-DEF5-4498-B924-D7F673ED1B59}.Debug|Any CPU.ActiveCfg = Debug|Any CPU
		{6BBA1856-DEF5-4498-B924-D7F673ED1B59}.Debug|Any CPU.Build.0 = Debug|Any CPU
		{6BBA1856-DEF5-4498-B924-D7F673ED1B59}.Release|Any CPU.ActiveCfg = Release|Any CPU
		{6BBA1856-DEF5-4498-B924-D7F673ED1B59}.Release|Any CPU.Build.0 = Release|Any CPU
	EndGlobalSection
	GlobalSection(SolutionProperties) = preSolution
		HideSolutionNode = FALSE
	EndGlobalSection
	GlobalSection(ExtensibilityGlobals) = postSolution
		SolutionGuid = {CB6C6D19-D8D6-4C73-94B6-29DD8AE3C16B}
	EndGlobalSection
EndGlobal
