
Microsoft Visual Studio Solution File, Format Version 12.00
# Visual Studio Version 16
VisualStudioVersion = 16.0.34902.97
MinimumVisualStudioVersion = 10.0.40219.1
Project("{FAE04EC0-301F-11D3-BF4B-00C04F79EFBC}") = "atestat_prb_13", "atestat_prb_13.csproj", "{6C0009A0-74CA-498F-9068-78B43215BFBC}"
EndProject
Global
	GlobalSection(SolutionConfigurationPlatforms) = preSolution
		Debug|Any CPU = Debug|Any CPU
		Release|Any CPU = Release|Any CPU
	EndGlobalSection
	GlobalSection(ProjectConfigurationPlatforms) = postSolution
		{6C0009A0-74CA-498F-9068-78B43215BFBC}.Debug|Any CPU.ActiveCfg = Debug|Any CPU
		{6C0009A0-74CA-498F-9068-78B43215BFBC}.Debug|Any CPU.Build.0 = Debug|Any CPU
		{6C0009A0-74CA-498F-9068-78B43215BFBC}.Release|Any CPU.ActiveCfg = Release|Any CPU
		{6C0009A0-74CA-498F-9068-78B43215BFBC}.Release|Any CPU.Build.0 = Release|Any CPU
	EndGlobalSection
	GlobalSection(SolutionProperties) = preSolution
		HideSolutionNode = FALSE
	EndGlobalSection
	GlobalSection(ExtensibilityGlobals) = postSolution
		SolutionGuid = {6ABDB918-532F-4AE8-BEC8-616598EE04AC}
	EndGlobalSection
EndGlobal
